
Microsoft Visual Studio Solution File, Format Version 12.00
# Visual Studio Version 16
VisualStudioVersion = 16.0.29613.14
MinimumVisualStudioVersion = 10.0.40219.1
Project("{FAE04EC0-301F-11D3-BF4B-00C04F79EFBC}") = "LearnForms", "LearnForms\LearnForms.csproj", "{BAC0726D-DC8A-4172-B283-9A1F0F47BC13}"
EndProject
Project("{FAE04EC0-301F-11D3-BF4B-00C04F79EFBC}") = "DAL", "DAL\DAL.csproj", "{966C67A4-3678-4270-979D-3801AF1911FD}"
EndProject
Project("{FAE04EC0-301F-11D3-BF4B-00C04F79EFBC}") = "BAL", "BAL\BAL.csproj", "{9C3432F8-66A7-4EE4-A209-6DA8F4CD016A}"
EndProject
Global
	GlobalSection(SolutionConfigurationPlatforms) = preSolution
		Debug|Any CPU = Debug|Any CPU
		Release|Any CPU = Release|Any CPU
	EndGlobalSection
	GlobalSection(ProjectConfigurationPlatforms) = postSolution
		{BAC0726D-DC8A-4172-B283-9A1F0F47BC13}.Debug|Any CPU.ActiveCfg = Debug|Any CPU
		{BAC0726D-DC8A-4172-B283-9A1F0F47BC13}.Debug|Any CPU.Build.0 = Debug|Any CPU
		{BAC0726D-DC8A-4172-B283-9A1F0F47BC13}.Release|Any CPU.ActiveCfg = Release|Any CPU
		{BAC0726D-DC8A-4172-B283-9A1F0F47BC13}.Release|Any CPU.Build.0 = Release|Any CPU
		{966C67A4-3678-4270-979D-3801AF1911FD}.Debug|Any CPU.ActiveCfg = Debug|Any CPU
		{966C67A4-3678-4270-979D-3801AF1911FD}.Debug|Any CPU.Build.0 = Debug|Any CPU
		{966C67A4-3678-4270-979D-3801AF1911FD}.Release|Any CPU.ActiveCfg = Release|Any CPU
		{966C67A4-3678-4270-979D-3801AF1911FD}.Release|Any CPU.Build.0 = Release|Any CPU
		{9C3432F8-66A7-4EE4-A209-6DA8F4CD016A}.Debug|Any CPU.ActiveCfg = Debug|Any CPU
		{9C3432F8-66A7-4EE4-A209-6DA8F4CD016A}.Debug|Any CPU.Build.0 = Debug|Any CPU
		{9C3432F8-66A7-4EE4-A209-6DA8F4CD016A}.Release|Any CPU.ActiveCfg = Release|Any CPU
		{9C3432F8-66A7-4EE4-A209-6DA8F4CD016A}.Release|Any CPU.Build.0 = Release|Any CPU
	EndGlobalSection
	GlobalSection(SolutionProperties) = preSolution
		HideSolutionNode = FALSE
	EndGlobalSection
	GlobalSection(ExtensibilityGlobals) = postSolution
		SolutionGuid = {D1863CDD-2776-447C-8F5D-4ADD55557003}
	EndGlobalSection
EndGlobal
